
Microsoft Visual Studio Solution File, Format Version 12.00
# Visual Studio Version 17
VisualStudioVersion = 17.11.35327.3
MinimumVisualStudioVersion = 10.0.40219.1
Project("{FAE04EC0-301F-11D3-BF4B-00C04F79EFBC}") = "1stAdvent", "1stAdvent\1stAdvent.csproj", "{A393E0D3-ED26-418A-855A-0446CB6EE578}"
EndProject
Global
	GlobalSection(SolutionConfigurationPlatforms) = preSolution
		Debug|Any CPU = Debug|Any CPU
		Release|Any CPU = Release|Any CPU
	EndGlobalSection
	GlobalSection(ProjectConfigurationPlatforms) = postSolution
		{A393E0D3-ED26-418A-855A-0446CB6EE578}.Debug|Any CPU.ActiveCfg = Debug|Any CPU
		{A393E0D3-ED26-418A-855A-0446CB6EE578}.Debug|Any CPU.Build.0 = Debug|Any CPU
		{A393E0D3-ED26-418A-855A-0446CB6EE578}.Release|Any CPU.ActiveCfg = Release|Any CPU
		{A393E0D3-ED26-418A-855A-0446CB6EE578}.Release|Any CPU.Build.0 = Release|Any CPU
	EndGlobalSection
	GlobalSection(SolutionProperties) = preSolution
		HideSolutionNode = FALSE
	EndGlobalSection
	GlobalSection(ExtensibilityGlobals) = postSolution
		SolutionGuid = {F64C279B-22D0-4394-9392-4B99A663ED2F}
	EndGlobalSection
EndGlobal
